// !$*UTF8*$!
{
	archiveVersion = 1;
	classes = {
	};
	objectVersion = 50;
	objects = {

/* Begin PBXBuildFile section */
		4BEEE4E625FA81B900F372AC /* kphubApp.swift in Sources */ = {isa = PBXBuildFile; fileRef = 4BEEE4D325FA81B800F372AC /* kphubApp.swift */; };
		4BEEE4E725FA81B900F372AC /* kphubApp.swift in Sources */ = {isa = PBXBuildFile; fileRef = 4BEEE4D325FA81B800F372AC /* kphubApp.swift */; };
		4BEEE4E825FA81B900F372AC /* ContentView.swift in Sources */ = {isa = PBXBuildFile; fileRef = 4BEEE4D425FA81B800F372AC /* ContentView.swift */; };
		4BEEE4E925FA81B900F372AC /* ContentView.swift in Sources */ = {isa = PBXBuildFile; fileRef = 4BEEE4D425FA81B800F372AC /* ContentView.swift */; };
		4BEEE4EA25FA81B900F372AC /* Assets.xcassets in Resources */ = {isa = PBXBuildFile; fileRef = 4BEEE4D525FA81B900F372AC /* Assets.xcassets */; };
		4BEEE4EB25FA81B900F372AC /* Assets.xcassets in Resources */ = {isa = PBXBuildFile; fileRef = 4BEEE4D525FA81B900F372AC /* Assets.xcassets */; };
/* End PBXBuildFile section */

/* Begin PBXFileReference section */
		4BEEE4D325FA81B800F372AC /* kphubApp.swift */ = {isa = PBXFileReference; lastKnownFileType = sourcecode.swift; path = kphubApp.swift; sourceTree = "<group>"; };
		4BEEE4D425FA81B800F372AC /* ContentView.swift */ = {isa = PBXFileReference; lastKnownFileType = sourcecode.swift; path = ContentView.swift; sourceTree = "<group>"; };
		4BEEE4D525FA81B900F372AC /* Assets.xcassets */ = {isa = PBXFileReference; lastKnownFileType = folder.assetcatalog; path = Assets.xcassets; sourceTree = "<group>"; };
		4BEEE4DA25FA81B900F372AC /* kphub.app */ = {isa = PBXFileReference; explicitFileType = wrapper.application; includeInIndex = 0; path = kphub.app; sourceTree = BUILT_PRODUCTS_DIR; };
		4BEEE4DD25FA81B900F372AC /* Info.plist */ = {isa = PBXFileReference; lastKnownFileType = text.plist.xml; path = Info.plist; sourceTree = "<group>"; };
		4BEEE4E225FA81B900F372AC /* kphub.app */ = {isa = PBXFileReference; explicitFileType = wrapper.application; includeInIndex = 0; path = kphub.app; sourceTree = BUILT_PRODUCTS_DIR; };
		4BEEE4E425FA81B900F372AC /* Info.plist */ = {isa = PBXFileReference; lastKnownFileType = text.plist.xml; path = Info.plist; sourceTree = "<group>"; };
		4BEEE4E525FA81B900F372AC /* macOS.entitlements */ = {isa = PBXFileReference; lastKnownFileType = text.plist.entitlements; path = macOS.entitlements; sourceTree = "<group>"; };
/* End PBXFileReference section */

/* Begin PBXFrameworksBuildPhase section */
		4BEEE4D725FA81B900F372AC /* Frameworks */ = {
			isa = PBXFrameworksBuildPhase;
			buildActionMask = 2147483647;
			files = (
			);
			runOnlyForDeploymentPostprocessing = 0;
		};
		4BEEE4DF25FA81B900F372AC /* Frameworks */ = {
			isa = PBXFrameworksBuildPhase;
			buildActionMask = 2147483647;
			files = (
			);
			runOnlyForDeploymentPostprocessing = 0;
		};
/* End PBXFrameworksBuildPhase section */

/* Begin PBXGroup section */
		4BEEE4CD25FA81B800F372AC = {
			isa = PBXGroup;
			children = (
				4BEEE4D225FA81B800F372AC /* Shared */,
				4BEEE4DC25FA81B900F372AC /* iOS */,
				4BEEE4E325FA81B900F372AC /* macOS */,
				4BEEE4DB25FA81B900F372AC /* Products */,
			);
			sourceTree = "<group>";
		};
		4BEEE4D225FA81B800F372AC /* Shared */ = {
			isa = PBXGroup;
			children = (
				4BEEE4D325FA81B800F372AC /* kphubApp.swift */,
				4BEEE4D425FA81B800F372AC /* ContentView.swift */,
				4BEEE4D525FA81B900F372AC /* Assets.xcassets */,
			);
			path = Shared;
			sourceTree = "<group>";
		};
		4BEEE4DB25FA81B900F372AC /* Products */ = {
			isa = PBXGroup;
			children = (
				4BEEE4DA25FA81B900F372AC /* kphub.app */,
				4BEEE4E225FA81B900F372AC /* kphub.app */,
			);
			name = Products;
			sourceTree = "<group>";
		};
		4BEEE4DC25FA81B900F372AC /* iOS */ = {
			isa = PBXGroup;
			children = (
				4BEEE4DD25FA81B900F372AC /* Info.plist */,
			);
			path = iOS;
			sourceTree = "<group>";
		};
		4BEEE4E325FA81B900F372AC /* macOS */ = {
			isa = PBXGroup;
			children = (
				4BEEE4E425FA81B900F372AC /* Info.plist */,
				4BEEE4E525FA81B900F372AC /* macOS.entitlements */,
			);
			path = macOS;
			sourceTree = "<group>";
		};
/* End PBXGroup section */

/* Begin PBXNativeTarget section */
		4BEEE4D925FA81B900F372AC /* kphub (iOS) */ = {
			isa = PBXNativeTarget;
			buildConfigurationList = 4BEEE4EE25FA81B900F372AC /* Build configuration list for PBXNativeTarget "kphub (iOS)" */;
			buildPhases = (
				4BEEE4D625FA81B900F372AC /* Sources */,
				4BEEE4D725FA81B900F372AC /* Frameworks */,
				4BEEE4D825FA81B900F372AC /* Resources */,
			);
			buildRules = (
			);
			dependencies = (
			);
			name = "kphub (iOS)";
			productName = "kphub (iOS)";
			productReference = 4BEEE4DA25FA81B900F372AC /* kphub.app */;
			productType = "com.apple.product-type.application";
		};
		4BEEE4E125FA81B900F372AC /* kphub (macOS) */ = {
			isa = PBXNativeTarget;
			buildConfigurationList = 4BEEE4F125FA81B900F372AC /* Build configuration list for PBXNativeTarget "kphub (macOS)" */;
			buildPhases = (
				4BEEE4DE25FA81B900F372AC /* Sources */,
				4BEEE4DF25FA81B900F372AC /* Frameworks */,
				4BEEE4E025FA81B900F372AC /* Resources */,
			);
			buildRules = (
			);
			dependencies = (
			);
			name = "kphub (macOS)";
			productName = "kphub (macOS)";
			productReference = 4BEEE4E225FA81B900F372AC /* kphub.app */;
			productType = "com.apple.product-type.application";
		};
/* End PBXNativeTarget section */

/* Begin PBXProject section */
		4BEEE4CE25FA81B800F372AC /* Project object */ = {
			isa = PBXProject;
			attributes = {
				LastSwiftUpdateCheck = 1240;
				LastUpgradeCheck = 1240;
				TargetAttributes = {
					4BEEE4D925FA81B900F372AC = {
						CreatedOnToolsVersion = 12.4;
					};
					4BEEE4E125FA81B900F372AC = {
						CreatedOnToolsVersion = 12.4;
					};
				};
			};
			buildConfigurationList = 4BEEE4D125FA81B800F372AC /* Build configuration list for PBXProject "kphub" */;
			compatibilityVersion = "Xcode 9.3";
			developmentRegion = en;
			hasScannedForEncodings = 0;
			knownRegions = (
				en,
				Base,
			);
			mainGroup = 4BEEE4CD25FA81B800F372AC;
			productRefGroup = 4BEEE4DB25FA81B900F372AC /* Products */;
			projectDirPath = "";
			projectRoot = "";
			targets = (
				4BEEE4D925FA81B900F372AC /* kphub (iOS) */,
				4BEEE4E125FA81B900F372AC /* kphub (macOS) */,
			);
		};
/* End PBXProject section */

/* Begin PBXResourcesBuildPhase section */
		4BEEE4D825FA81B900F372AC /* Resources */ = {
			isa = PBXResourcesBuildPhase;
			buildActionMask = 2147483647;
			files = (
				4BEEE4EA25FA81B900F372AC /* Assets.xcassets in Resources */,
			);
			runOnlyForDeploymentPostprocessing = 0;
		};
		4BEEE4E025FA81B900F372AC /* Resources */ = {
			isa = PBXResourcesBuildPhase;
			buildActionMask = 2147483647;
			files = (
				4BEEE4EB25FA81B900F372AC /* Assets.xcassets in Resources */,
			);
			runOnlyForDeploymentPostprocessing = 0;
		};
/* End PBXResourcesBuildPhase section */

/* Begin PBXSourcesBuildPhase section */
		4BEEE4D625FA81B900F372AC /* Sources */ = {
			isa = PBXSourcesBuildPhase;
			buildActionMask = 2147483647;
			files = (
				4BEEE4E825FA81B900F372AC /* ContentView.swift in Sources */,
				4BEEE4E625FA81B900F372AC /* kphubApp.swift in Sources */,
			);
			runOnlyForDeploymentPostprocessing = 0;
		};
		4BEEE4DE25FA81B900F372AC /* Sources */ = {
			isa = PBXSourcesBuildPhase;
			buildActionMask = 2147483647;
			files = (
				4BEEE4E925FA81B900F372AC /* ContentView.swift in Sources */,
				4BEEE4E725FA81B900F372AC /* kphubApp.swift in Sources */,
			);
			runOnlyForDeploymentPostprocessing = 0;
		};
/* End PBXSourcesBuildPhase section */

/* Begin XCBuildConfiguration section */
		4BEEE4EC25FA81B900F372AC /* Debug */ = {
			isa = XCBuildConfiguration;
			buildSettings = {
				ALWAYS_SEARCH_USER_PATHS = NO;
				CLANG_ANALYZER_NONNULL = YES;
				CLANG_ANALYZER_NUMBER_OBJECT_CONVERSION = YES_AGGRESSIVE;
				CLANG_CXX_LANGUAGE_STANDARD = "gnu++14";
				CLANG_CXX_LIBRARY = "libc++";
				CLANG_ENABLE_MODULES = YES;
				CLANG_ENABLE_OBJC_ARC = YES;
				CLANG_ENABLE_OBJC_WEAK = YES;
				CLANG_WARN_BLOCK_CAPTURE_AUTORELEASING = YES;
				CLANG_WARN_BOOL_CONVERSION = YES;
				CLANG_WARN_COMMA = YES;
				CLANG_WARN_CONSTANT_CONVERSION = YES;
				CLANG_WARN_DEPRECATED_OBJC_IMPLEMENTATIONS = YES;
				CLANG_WARN_DIRECT_OBJC_ISA_USAGE = YES_ERROR;
				CLANG_WARN_DOCUMENTATION_COMMENTS = YES;
				CLANG_WARN_EMPTY_BODY = YES;
				CLANG_WARN_ENUM_CONVERSION = YES;
				CLANG_WARN_INFINITE_RECURSION = YES;
				CLANG_WARN_INT_CONVERSION = YES;
				CLANG_WARN_NON_LITERAL_NULL_CONVERSION = YES;
				CLANG_WARN_OBJC_IMPLICIT_RETAIN_SELF = YES;
				CLANG_WARN_OBJC_LITERAL_CONVERSION = YES;
				CLANG_WARN_OBJC_ROOT_CLASS = YES_ERROR;
				CLANG_WARN_QUOTED_INCLUDE_IN_FRAMEWORK_HEADER = YES;
				CLANG_WARN_RANGE_LOOP_ANALYSIS = YES;
				CLANG_WARN_STRICT_PROTOTYPES = YES;
				CLANG_WARN_SUSPICIOUS_MOVE = YES;
				CLANG_WARN_UNGUARDED_AVAILABILITY = YES_AGGRESSIVE;
				CLANG_WARN_UNREACHABLE_CODE = YES;
				CLANG_WARN__DUPLICATE_METHOD_MATCH = YES;
				COPY_PHASE_STRIP = NO;
				DEBUG_INFORMATION_FORMAT = dwarf;
				ENABLE_STRICT_OBJC_MSGSEND = YES;
				ENABLE_TESTABILITY = YES;
				GCC_C_LANGUAGE_STANDARD = gnu11;
				GCC_DYNAMIC_NO_PIC = NO;
				GCC_NO_COMMON_BLOCKS = YES;
				GCC_OPTIMIZATION_LEVEL = 0;
				GCC_PREPROCESSOR_DEFINITIONS = (
					"DEBUG=1",
					"$(inherited)",
				);
				GCC_WARN_64_TO_32_BIT_CONVERSION = YES;
				GCC_WARN_ABOUT_RETURN_TYPE = YES_ERROR;
				GCC_WARN_UNDECLARED_SELECTOR = YES;
				GCC_WARN_UNINITIALIZED_AUTOS = YES_AGGRESSIVE;
				GCC_WARN_UNUSED_FUNCTION = YES;
				GCC_WARN_UNUSED_VARIABLE = YES;
				MTL_ENABLE_DEBUG_INFO = INCLUDE_SOURCE;
				MTL_FAST_MATH = YES;
				ONLY_ACTIVE_ARCH = YES;
				SWIFT_ACTIVE_COMPILATION_CONDITIONS = DEBUG;
				SWIFT_OPTIMIZATION_LEVEL = "-Onone";
			};
			name = Debug;
		};
		4BEEE4ED25FA81B900F372AC /* Release */ = {
			isa = XCBuildConfiguration;
			buildSettings = {
				ALWAYS_SEARCH_USER_PATHS = NO;
				CLANG_ANALYZER_NONNULL = YES;
				CLANG_ANALYZER_NUMBER_OBJECT_CONVERSION = YES_AGGRESSIVE;
				CLANG_CXX_LANGUAGE_STANDARD = "gnu++14";
				CLANG_CXX_LIBRARY = "libc++";
				CLANG_ENABLE_MODULES = YES;
				CLANG_ENABLE_OBJC_ARC = YES;
				CLANG_ENABLE_OBJC_WEAK = YES;
				CLANG_WARN_BLOCK_CAPTURE_AUTORELEASING = YES;
				CLANG_WARN_BOOL_CONVERSION = YES;
				CLANG_WARN_COMMA = YES;
				CLANG_WARN_CONSTANT_CONVERSION = YES;
				CLANG_WARN_DEPRECATED_OBJC_IMPLEMENTATIONS = YES;
				CLANG_WARN_DIRECT_OBJC_ISA_USAGE = YES_ERROR;
				CLANG_WARN_DOCUMENTATION_COMMENTS = YES;
				CLANG_WARN_EMPTY_BODY = YES;
				CLANG_WARN_ENUM_CONVERSION = YES;
				CLANG_WARN_INFINITE_RECURSION = YES;
				CLANG_WARN_INT_CONVERSION = YES;
				CLANG_WARN_NON_LITERAL_NULL_CONVERSION = YES;
				CLANG_WARN_OBJC_IMPLICIT_RETAIN_SELF = YES;
				CLANG_WARN_OBJC_LITERAL_CONVERSION = YES;
				CLANG_WARN_OBJC_ROOT_CLASS = YES_ERROR;
				CLANG_WARN_QUOTED_INCLUDE_IN_FRAMEWORK_HEADER = YES;
				CLANG_WARN_RANGE_LOOP_ANALYSIS = YES;
				CLANG_WARN_STRICT_PROTOTYPES = YES;
				CLANG_WARN_SUSPICIOUS_MOVE = YES;
				CLANG_WARN_UNGUARDED_AVAILABILITY = YES_AGGRESSIVE;
				CLANG_WARN_UNREACHABLE_CODE = YES;
				CLANG_WARN__DUPLICATE_METHOD_MATCH = YES;
				COPY_PHASE_STRIP = NO;
				DEBUG_INFORMATION_FORMAT = "dwarf-with-dsym";
				ENABLE_NS_ASSERTIONS = NO;
				ENABLE_STRICT_OBJC_MSGSEND = YES;
				GCC_C_LANGUAGE_STANDARD = gnu11;
				GCC_NO_COMMON_BLOCKS = YES;
				GCC_WARN_64_TO_32_BIT_CONVERSION = YES;
				GCC_WARN_ABOUT_RETURN_TYPE = YES_ERROR;
				GCC_WARN_UNDECLARED_SELECTOR = YES;
				GCC_WARN_UNINITIALIZED_AUTOS = YES_AGGRESSIVE;
				GCC_WARN_UNUSED_FUNCTION = YES;
				GCC_WARN_UNUSED_VARIABLE = YES;
				MTL_ENABLE_DEBUG_INFO = NO;
				MTL_FAST_MATH = YES;
				SWIFT_COMPILATION_MODE = wholemodule;
				SWIFT_OPTIMIZATION_LEVEL = "-O";
			};
			name = Release;
		};
		4BEEE4EF25FA81B900F372AC /* Debug */ = {
			isa = XCBuildConfiguration;
			buildSettings = {
				ASSETCATALOG_COMPILER_APPICON_NAME = AppIcon;
				ASSETCATALOG_COMPILER_GLOBAL_ACCENT_COLOR_NAME = AccentColor;
				CODE_SIGN_STYLE = Automatic;
				DEVELOPMENT_TEAM = ZXGHD5DLQA;
				ENABLE_PREVIEWS = YES;
				INFOPLIST_FILE = iOS/Info.plist;
				IPHONEOS_DEPLOYMENT_TARGET = 14.0;
				LD_RUNPATH_SEARCH_PATHS = (
					"$(inherited)",
					"@executable_path/Frameworks",
				);
				PRODUCT_BUNDLE_IDENTIFIER = xyz.makeouthill.kphub;
				PRODUCT_NAME = kphub;
				SDKROOT = iphoneos;
				SWIFT_VERSION = 5.0;
				TARGETED_DEVICE_FAMILY = "1,2";
			};
			name = Debug;
		};
		4BEEE4F025FA81B900F372AC /* Release */ = {
			isa = XCBuildConfiguration;
			buildSettings = {
				ASSETCATALOG_COMPILER_APPICON_NAME = AppIcon;
				ASSETCATALOG_COMPILER_GLOBAL_ACCENT_COLOR_NAME = AccentColor;
				CODE_SIGN_STYLE = Automatic;
				DEVELOPMENT_TEAM = ZXGHD5DLQA;
				ENABLE_PREVIEWS = YES;
				INFOPLIST_FILE = iOS/Info.plist;
				IPHONEOS_DEPLOYMENT_TARGET = 14.0;
				LD_RUNPATH_SEARCH_PATHS = (
					"$(inherited)",
					"@executable_path/Frameworks",
				);
				PRODUCT_BUNDLE_IDENTIFIER = xyz.makeouthill.kphub;
				PRODUCT_NAME = kphub;
				SDKROOT = iphoneos;
				SWIFT_VERSION = 5.0;
				TARGETED_DEVICE_FAMILY = "1,2";
				VALIDATE_PRODUCT = YES;
			};
			name = Release;
		};
		4BEEE4F225FA81B900F372AC /* Debug */ = {
			isa = XCBuildConfiguration;
			buildSettings = {
				ASSETCATALOG_COMPILER_APPICON_NAME = AppIcon;
				ASSETCATALOG_COMPILER_GLOBAL_ACCENT_COLOR_NAME = AccentColor;
				CODE_SIGN_ENTITLEMENTS = macOS/macOS.entitlements;
				CODE_SIGN_STYLE = Automatic;
				COMBINE_HIDPI_IMAGES = YES;
				DEVELOPMENT_TEAM = ZXGHD5DLQA;
				ENABLE_HARDENED_RUNTIME = YES;
				ENABLE_PREVIEWS = YES;
				INFOPLIST_FILE = macOS/Info.plist;
				LD_RUNPATH_SEARCH_PATHS = (
					"$(inherited)",
					"@executable_path/../Frameworks",
				);
				MACOSX_DEPLOYMENT_TARGET = 11.0;
				PRODUCT_BUNDLE_IDENTIFIER = xyz.makeouthill.kphub;
				PRODUCT_NAME = kphub;
				SDKROOT = macosx;
				SWIFT_VERSION = 5.0;
			};
			name = Debug;
		};
		4BEEE4F325FA81B900F372AC /* Release */ = {
			isa = XCBuildConfiguration;
			buildSettings = {
				ASSETCATALOG_COMPILER_APPICON_NAME = AppIcon;
				ASSETCATALOG_COMPILER_GLOBAL_ACCENT_COLOR_NAME = AccentColor;
				CODE_SIGN_ENTITLEMENTS = macOS/macOS.entitlements;
				CODE_SIGN_STYLE = Automatic;
				COMBINE_HIDPI_IMAGES = YES;
				DEVELOPMENT_TEAM = ZXGHD5DLQA;
				ENABLE_HARDENED_RUNTIME = YES;
				ENABLE_PREVIEWS = YES;
				INFOPLIST_FILE = macOS/Info.plist;
				LD_RUNPATH_SEARCH_PATHS = (
					"$(inherited)",
					"@executable_path/../Frameworks",
				);
				MACOSX_DEPLOYMENT_TARGET = 11.0;
				PRODUCT_BUNDLE_IDENTIFIER = xyz.makeouthill.kphub;
				PRODUCT_NAME = kphub;
				SDKROOT = macosx;
				SWIFT_VERSION = 5.0;
			};
			name = Release;
		};
/* End XCBuildConfiguration section */

/* Begin XCConfigurationList section */
		4BEEE4D125FA81B800F372AC /* Build configuration list for PBXProject "kphub" */ = {
			isa = XCConfigurationList;
			buildConfigurations = (
				4BEEE4EC25FA81B900F372AC /* Debug */,
				4BEEE4ED25FA81B900F372AC /* Release */,
			);
			defaultConfigurationIsVisible = 0;
			defaultConfigurationName = Release;
		};
		4BEEE4EE25FA81B900F372AC /* Build configuration list for PBXNativeTarget "kphub (iOS)" */ = {
			isa = XCConfigurationList;
			buildConfigurations = (
				4BEEE4EF25FA81B900F372AC /* Debug */,
				4BEEE4F025FA81B900F372AC /* Release */,
			);
			defaultConfigurationIsVisible = 0;
			defaultConfigurationName = Release;
		};
		4BEEE4F125FA81B900F372AC /* Build configuration list for PBXNativeTarget "kphub (macOS)" */ = {
			isa = XCConfigurationList;
			buildConfigurations = (
				4BEEE4F225FA81B900F372AC /* Debug */,
				4BEEE4F325FA81B900F372AC /* Release */,
			);
			defaultConfigurationIsVisible = 0;
			defaultConfigurationName = Release;
		};
/* End XCConfigurationList section */
	};
	rootObject = 4BEEE4CE25FA81B800F372AC /* Project object */;
}
